
Microsoft Visual Studio Solution File, Format Version 12.00
# Visual Studio Version 17
VisualStudioVersion = 17.6.33723.286
MinimumVisualStudioVersion = 10.0.40219.1
Project("{FAE04EC0-301F-11D3-BF4B-00C04F79EFBC}") = "patchy", "patchy.csproj", "{03A7B497-263B-45A7-94D1-6B83A4C64537}"
EndProject
Global
	GlobalSection(SolutionConfigurationPlatforms) = preSolution
		Debug|Any CPU = Debug|Any CPU
		Release|Any CPU = Release|Any CPU
	EndGlobalSection
	GlobalSection(ProjectConfigurationPlatforms) = postSolution
		{03A7B497-263B-45A7-94D1-6B83A4C64537}.Debug|Any CPU.ActiveCfg = Debug|Any CPU
		{03A7B497-263B-45A7-94D1-6B83A4C64537}.Debug|Any CPU.Build.0 = Debug|Any CPU
		{03A7B497-263B-45A7-94D1-6B83A4C64537}.Release|Any CPU.ActiveCfg = Release|Any CPU
		{03A7B497-263B-45A7-94D1-6B83A4C64537}.Release|Any CPU.Build.0 = Release|Any CPU
	EndGlobalSection
	GlobalSection(SolutionProperties) = preSolution
		HideSolutionNode = FALSE
	EndGlobalSection
	GlobalSection(ExtensibilityGlobals) = postSolution
		SolutionGuid = {BAC13AB0-E9C0-4EDE-A4F3-06EBCF5CB5E0}
	EndGlobalSection
EndGlobal
